// !$*UTF8*$!
{
	archiveVersion = 1;
	classes = {
	};
	objectVersion = 46;
	objects = {

/* Begin PBXBuildFile section */
		2544B0BA1E7B8D5900E00898 /* AppDelegate.swift in Sources */ = {isa = PBXBuildFile; fileRef = 2544B0B91E7B8D5900E00898 /* AppDelegate.swift */; };
		2544B0BC1E7B8D5900E00898 /* ViewController.swift in Sources */ = {isa = PBXBuildFile; fileRef = 2544B0BB1E7B8D5900E00898 /* ViewController.swift */; };
		2544B0BF1E7B8D5900E00898 /* Main.storyboard in Resources */ = {isa = PBXBuildFile; fileRef = 2544B0BD1E7B8D5900E00898 /* Main.storyboard */; };
		2544B0C11E7B8D5900E00898 /* Assets.xcassets in Resources */ = {isa = PBXBuildFile; fileRef = 2544B0C01E7B8D5900E00898 /* Assets.xcassets */; };
		2544B0C41E7B8D5900E00898 /* LaunchScreen.storyboard in Resources */ = {isa = PBXBuildFile; fileRef = 2544B0C21E7B8D5900E00898 /* LaunchScreen.storyboard */; };
		2544B0CC1E7B949A00E00898 /* squareG.png in Resources */ = {isa = PBXBuildFile; fileRef = 2544B0CB1E7B949A00E00898 /* squareG.png */; };
		254660491E9247B400CD2D9E /* HistoryVC.swift in Sources */ = {isa = PBXBuildFile; fileRef = 254660481E9247B400CD2D9E /* HistoryVC.swift */; };
		258A9D041E8F23D40062142F /* chopin.mp3 in Resources */ = {isa = PBXBuildFile; fileRef = 258A9D031E8F23D40062142F /* chopin.mp3 */; };
		25B5DFB71E8FED1A0075E3D1 /* NameChanger.swift in Sources */ = {isa = PBXBuildFile; fileRef = 25B5DFB61E8FED1A0075E3D1 /* NameChanger.swift */; };
/* End PBXBuildFile section */

/* Begin PBXFileReference section */
		2544B0B61E7B8D5900E00898 /* TicTacToe.app */ = {isa = PBXFileReference; explicitFileType = wrapper.application; includeInIndex = 0; path = TicTacToe.app; sourceTree = BUILT_PRODUCTS_DIR; };
		2544B0B91E7B8D5900E00898 /* AppDelegate.swift */ = {isa = PBXFileReference; lastKnownFileType = sourcecode.swift; path = AppDelegate.swift; sourceTree = "<group>"; };
		2544B0BB1E7B8D5900E00898 /* ViewController.swift */ = {isa = PBXFileReference; lastKnownFileType = sourcecode.swift; path = ViewController.swift; sourceTree = "<group>"; };
		2544B0BE1E7B8D5900E00898 /* Base */ = {isa = PBXFileReference; lastKnownFileType = file.storyboard; name = Base; path = Base.lproj/Main.storyboard; sourceTree = "<group>"; };
		2544B0C01E7B8D5900E00898 /* Assets.xcassets */ = {isa = PBXFileReference; lastKnownFileType = folder.assetcatalog; path = Assets.xcassets; sourceTree = "<group>"; };
		2544B0C31E7B8D5900E00898 /* Base */ = {isa = PBXFileReference; lastKnownFileType = file.storyboard; name = Base; path = Base.lproj/LaunchScreen.storyboard; sourceTree = "<group>"; };
		2544B0C51E7B8D5900E00898 /* Info.plist */ = {isa = PBXFileReference; lastKnownFileType = text.plist.xml; path = Info.plist; sourceTree = "<group>"; };
		2544B0CB1E7B949A00E00898 /* squareG.png */ = {isa = PBXFileReference; lastKnownFileType = image.png; name = squareG.png; path = "Image Asset/squareG.png"; sourceTree = "<group>"; };
		254660481E9247B400CD2D9E /* HistoryVC.swift */ = {isa = PBXFileReference; fileEncoding = 4; lastKnownFileType = sourcecode.swift; name = HistoryVC.swift; path = ../HistoryVC.swift; sourceTree = "<group>"; };
		258A9D031E8F23D40062142F /* chopin.mp3 */ = {isa = PBXFileReference; lastKnownFileType = audio.mp3; name = chopin.mp3; path = "Music File/chopin.mp3"; sourceTree = "<group>"; };
		25B5DFB61E8FED1A0075E3D1 /* NameChanger.swift */ = {isa = PBXFileReference; fileEncoding = 4; lastKnownFileType = sourcecode.swift; path = NameChanger.swift; sourceTree = "<group>"; };
/* End PBXFileReference section */

/* Begin PBXFrameworksBuildPhase section */
		2544B0B31E7B8D5800E00898 /* Frameworks */ = {
			isa = PBXFrameworksBuildPhase;
			buildActionMask = 2147483647;
			files = (
			);
			runOnlyForDeploymentPostprocessing = 0;
		};
/* End PBXFrameworksBuildPhase section */

/* Begin PBXGroup section */
		2544B0AD1E7B8D5800E00898 = {
			isa = PBXGroup;
			children = (
				2544B0B81E7B8D5900E00898 /* TicTacToe */,
				2544B0B71E7B8D5900E00898 /* Products */,
			);
			sourceTree = "<group>";
		};
		2544B0B71E7B8D5900E00898 /* Products */ = {
			isa = PBXGroup;
			children = (
				2544B0B61E7B8D5900E00898 /* TicTacToe.app */,
			);
			name = Products;
			sourceTree = "<group>";
		};
		2544B0B81E7B8D5900E00898 /* TicTacToe */ = {
			isa = PBXGroup;
			children = (
				258A9D061E8F23EC0062142F /* Image */,
				258A9D051E8F23D80062142F /* Music */,
				2544B0B91E7B8D5900E00898 /* AppDelegate.swift */,
				2544B0BB1E7B8D5900E00898 /* ViewController.swift */,
				254660481E9247B400CD2D9E /* HistoryVC.swift */,
				2544B0BD1E7B8D5900E00898 /* Main.storyboard */,
				25B5DFB61E8FED1A0075E3D1 /* NameChanger.swift */,
				2544B0C01E7B8D5900E00898 /* Assets.xcassets */,
				2544B0C21E7B8D5900E00898 /* LaunchScreen.storyboard */,
				2544B0C51E7B8D5900E00898 /* Info.plist */,
			);
			path = TicTacToe;
			sourceTree = "<group>";
		};
		258A9D051E8F23D80062142F /* Music */ = {
			isa = PBXGroup;
			children = (
				258A9D031E8F23D40062142F /* chopin.mp3 */,
			);
			name = Music;
			sourceTree = "<group>";
		};
		258A9D061E8F23EC0062142F /* Image */ = {
			isa = PBXGroup;
			children = (
				2544B0CB1E7B949A00E00898 /* squareG.png */,
			);
			name = Image;
			sourceTree = "<group>";
		};
/* End PBXGroup section */

/* Begin PBXNativeTarget section */
		2544B0B51E7B8D5800E00898 /* TicTacToe */ = {
			isa = PBXNativeTarget;
			buildConfigurationList = 2544B0C81E7B8D5900E00898 /* Build configuration list for PBXNativeTarget "TicTacToe" */;
			buildPhases = (
				2544B0B21E7B8D5800E00898 /* Sources */,
				2544B0B31E7B8D5800E00898 /* Frameworks */,
				2544B0B41E7B8D5800E00898 /* Resources */,
			);
			buildRules = (
			);
			dependencies = (
			);
			name = TicTacToe;
			productName = TicTacToe;
			productReference = 2544B0B61E7B8D5900E00898 /* TicTacToe.app */;
			productType = "com.apple.product-type.application";
		};
/* End PBXNativeTarget section */

/* Begin PBXProject section */
		2544B0AE1E7B8D5800E00898 /* Project object */ = {
			isa = PBXProject;
			attributes = {
				LastSwiftUpdateCheck = 0820;
				LastUpgradeCheck = 0820;
				ORGANIZATIONNAME = "Minh Huy Tran";
				TargetAttributes = {
					2544B0B51E7B8D5800E00898 = {
						CreatedOnToolsVersion = 8.2.1;
						DevelopmentTeam = 24SM6522LU;
						LastSwiftMigration = 0820;
						ProvisioningStyle = Automatic;
					};
				};
			};
			buildConfigurationList = 2544B0B11E7B8D5800E00898 /* Build configuration list for PBXProject "TicTacToe" */;
			compatibilityVersion = "Xcode 3.2";
			developmentRegion = English;
			hasScannedForEncodings = 0;
			knownRegions = (
				en,
				Base,
			);
			mainGroup = 2544B0AD1E7B8D5800E00898;
			productRefGroup = 2544B0B71E7B8D5900E00898 /* Products */;
			projectDirPath = "";
			projectRoot = "";
			targets = (
				2544B0B51E7B8D5800E00898 /* TicTacToe */,
			);
		};
/* End PBXProject section */

/* Begin PBXResourcesBuildPhase section */
		2544B0B41E7B8D5800E00898 /* Resources */ = {
			isa = PBXResourcesBuildPhase;
			buildActionMask = 2147483647;
			files = (
				2544B0C41E7B8D5900E00898 /* LaunchScreen.storyboard in Resources */,
				2544B0C11E7B8D5900E00898 /* Assets.xcassets in Resources */,
				2544B0CC1E7B949A00E00898 /* squareG.png in Resources */,
				2544B0BF1E7B8D5900E00898 /* Main.storyboard in Resources */,
				258A9D041E8F23D40062142F /* chopin.mp3 in Resources */,
			);
			runOnlyForDeploymentPostprocessing = 0;
		};
/* End PBXResourcesBuildPhase section */

/* Begin PBXSourcesBuildPhase section */
		2544B0B21E7B8D5800E00898 /* Sources */ = {
			isa = PBXSourcesBuildPhase;
			buildActionMask = 2147483647;
			files = (
				25B5DFB71E8FED1A0075E3D1 /* NameChanger.swift in Sources */,
				254660491E9247B400CD2D9E /* HistoryVC.swift in Sources */,
				2544B0BC1E7B8D5900E00898 /* ViewController.swift in Sources */,
				2544B0BA1E7B8D5900E00898 /* AppDelegate.swift in Sources */,
			);
			runOnlyForDeploymentPostprocessing = 0;
		};
/* End PBXSourcesBuildPhase section */

/* Begin PBXVariantGroup section */
		2544B0BD1E7B8D5900E00898 /* Main.storyboard */ = {
			isa = PBXVariantGroup;
			children = (
				2544B0BE1E7B8D5900E00898 /* Base */,
			);
			name = Main.storyboard;
			sourceTree = "<group>";
		};
		2544B0C21E7B8D5900E00898 /* LaunchScreen.storyboard */ = {
			isa = PBXVariantGroup;
			children = (
				2544B0C31E7B8D5900E00898 /* Base */,
			);
			name = LaunchScreen.storyboard;
			sourceTree = "<group>";
		};
/* End PBXVariantGroup section */

/* Begin XCBuildConfiguration section */
		2544B0C61E7B8D5900E00898 /* Debug */ = {
			isa = XCBuildConfiguration;
			buildSettings = {
				ALWAYS_SEARCH_USER_PATHS = NO;
				CLANG_ANALYZER_NONNULL = YES;
				CLANG_CXX_LANGUAGE_STANDARD = "gnu++0x";
				CLANG_CXX_LIBRARY = "libc++";
				CLANG_ENABLE_MODULES = YES;
				CLANG_ENABLE_OBJC_ARC = YES;
				CLANG_WARN_BOOL_CONVERSION = YES;
				CLANG_WARN_CONSTANT_CONVERSION = YES;
				CLANG_WARN_DIRECT_OBJC_ISA_USAGE = YES_ERROR;
				CLANG_WARN_DOCUMENTATION_COMMENTS = YES;
				CLANG_WARN_EMPTY_BODY = YES;
				CLANG_WARN_ENUM_CONVERSION = YES;
				CLANG_WARN_INFINITE_RECURSION = YES;
				CLANG_WARN_INT_CONVERSION = YES;
				CLANG_WARN_OBJC_ROOT_CLASS = YES_ERROR;
				CLANG_WARN_SUSPICIOUS_MOVE = YES;
				CLANG_WARN_UNREACHABLE_CODE = YES;
				CLANG_WARN__DUPLICATE_METHOD_MATCH = YES;
				"CODE_SIGN_IDENTITY[sdk=iphoneos*]" = "iPhone Developer";
				COPY_PHASE_STRIP = NO;
				DEBUG_INFORMATION_FORMAT = dwarf;
				ENABLE_STRICT_OBJC_MSGSEND = YES;
				ENABLE_TESTABILITY = YES;
				GCC_C_LANGUAGE_STANDARD = gnu99;
				GCC_DYNAMIC_NO_PIC = NO;
				GCC_NO_COMMON_BLOCKS = YES;
				GCC_OPTIMIZATION_LEVEL = 0;
				GCC_PREPROCESSOR_DEFINITIONS = (
					"DEBUG=1",
					"$(inherited)",
				);
				GCC_WARN_64_TO_32_BIT_CONVERSION = YES;
				GCC_WARN_ABOUT_RETURN_TYPE = YES_ERROR;
				GCC_WARN_UNDECLARED_SELECTOR = YES;
				GCC_WARN_UNINITIALIZED_AUTOS = YES_AGGRESSIVE;
				GCC_WARN_UNUSED_FUNCTION = YES;
				GCC_WARN_UNUSED_VARIABLE = YES;
				IPHONEOS_DEPLOYMENT_TARGET = 10.2;
				MTL_ENABLE_DEBUG_INFO = YES;
				ONLY_ACTIVE_ARCH = YES;
				SDKROOT = iphoneos;
				SWIFT_ACTIVE_COMPILATION_CONDITIONS = DEBUG;
				SWIFT_OPTIMIZATION_LEVEL = "-Onone";
			};
			name = Debug;
		};
		2544B0C71E7B8D5900E00898 /* Release */ = {
			isa = XCBuildConfiguration;
			buildSettings = {
				ALWAYS_SEARCH_USER_PATHS = NO;
				CLANG_ANALYZER_NONNULL = YES;
				CLANG_CXX_LANGUAGE_STANDARD = "gnu++0x";
				CLANG_CXX_LIBRARY = "libc++";
				CLANG_ENABLE_MODULES = YES;
				CLANG_ENABLE_OBJC_ARC = YES;
				CLANG_WARN_BOOL_CONVERSION = YES;
				CLANG_WARN_CONSTANT_CONVERSION = YES;
				CLANG_WARN_DIRECT_OBJC_ISA_USAGE = YES_ERROR;
				CLANG_WARN_DOCUMENTATION_COMMENTS = YES;
				CLANG_WARN_EMPTY_BODY = YES;
				CLANG_WARN_ENUM_CONVERSION = YES;
				CLANG_WARN_INFINITE_RECURSION = YES;
				CLANG_WARN_INT_CONVERSION = YES;
				CLANG_WARN_OBJC_ROOT_CLASS = YES_ERROR;
				CLANG_WARN_SUSPICIOUS_MOVE = YES;
				CLANG_WARN_UNREACHABLE_CODE = YES;
				CLANG_WARN__DUPLICATE_METHOD_MATCH = YES;
				"CODE_SIGN_IDENTITY[sdk=iphoneos*]" = "iPhone Developer";
				COPY_PHASE_STRIP = NO;
				DEBUG_INFORMATION_FORMAT = "dwarf-with-dsym";
				ENABLE_NS_ASSERTIONS = NO;
				ENABLE_STRICT_OBJC_MSGSEND = YES;
				GCC_C_LANGUAGE_STANDARD = gnu99;
				GCC_NO_COMMON_BLOCKS = YES;
				GCC_WARN_64_TO_32_BIT_CONVERSION = YES;
				GCC_WARN_ABOUT_RETURN_TYPE = YES_ERROR;
				GCC_WARN_UNDECLARED_SELECTOR = YES;
				GCC_WARN_UNINITIALIZED_AUTOS = YES_AGGRESSIVE;
				GCC_WARN_UNUSED_FUNCTION = YES;
				GCC_WARN_UNUSED_VARIABLE = YES;
				IPHONEOS_DEPLOYMENT_TARGET = 10.2;
				MTL_ENABLE_DEBUG_INFO = NO;
				SDKROOT = iphoneos;
				SWIFT_OPTIMIZATION_LEVEL = "-Owholemodule";
				VALIDATE_PRODUCT = YES;
			};
			name = Release;
		};
		2544B0C91E7B8D5900E00898 /* Debug */ = {
			isa = XCBuildConfiguration;
			buildSettings = {
				ASSETCATALOG_COMPILER_APPICON_NAME = AppIcon;
				DEVELOPMENT_TEAM = 24SM6522LU;
				INFOPLIST_FILE = TicTacToe/Info.plist;
				LD_RUNPATH_SEARCH_PATHS = "$(inherited) @executable_path/Frameworks";
				PRODUCT_BUNDLE_IDENTIFIER = HTApp.TicTacToe;
				PRODUCT_NAME = "$(TARGET_NAME)";
				SWIFT_VERSION = 3.0;
			};
			name = Debug;
		};
		2544B0CA1E7B8D5900E00898 /* Release */ = {
			isa = XCBuildConfiguration;
			buildSettings = {
				ASSETCATALOG_COMPILER_APPICON_NAME = AppIcon;
				DEVELOPMENT_TEAM = 24SM6522LU;
				INFOPLIST_FILE = TicTacToe/Info.plist;
				LD_RUNPATH_SEARCH_PATHS = "$(inherited) @executable_path/Frameworks";
				PRODUCT_BUNDLE_IDENTIFIER = HTApp.TicTacToe;
				PRODUCT_NAME = "$(TARGET_NAME)";
				SWIFT_VERSION = 3.0;
			};
			name = Release;
		};
/* End XCBuildConfiguration section */

/* Begin XCConfigurationList section */
		2544B0B11E7B8D5800E00898 /* Build configuration list for PBXProject "TicTacToe" */ = {
			isa = XCConfigurationList;
			buildConfigurations = (
				2544B0C61E7B8D5900E00898 /* Debug */,
				2544B0C71E7B8D5900E00898 /* Release */,
			);
			defaultConfigurationIsVisible = 0;
			defaultConfigurationName = Release;
		};
		2544B0C81E7B8D5900E00898 /* Build configuration list for PBXNativeTarget "TicTacToe" */ = {
			isa = XCConfigurationList;
			buildConfigurations = (
				2544B0C91E7B8D5900E00898 /* Debug */,
				2544B0CA1E7B8D5900E00898 /* Release */,
			);
			defaultConfigurationIsVisible = 0;
			defaultConfigurationName = Release;
		};
/* End XCConfigurationList section */
	};
	rootObject = 2544B0AE1E7B8D5800E00898 /* Project object */;
}
